{
  "name": "@homestretch/scoring",
  "version": "1.0.0",
  "lockfileVersion": 3,
  "requires": true,
  "packages": {
    "": {
      "name": "@homestretch/scoring",
      "version": "1.0.0",
      "dependencies": {
        "@homestretch/scoring": "github:kellydavidsansom/homestretch-scoring"
      },
      "devDependencies": {
        "typescript": "^5.0.0"
      }
    },
    "node_modules/@homestretch/scoring": {
      "version": "1.0.0",
      "resolved": "git+ssh://git@github.com/kellydavidsansom/homestretch-scoring.git#0ac65c9867e73fc574b96d09357f2a19bb2e1a48"
    },
    "node_modules/typescript": {
      "version": "5.9.3",
      "resolved": "https://registry.npmjs.org/typescript/-/typescript-5.9.3.tgz",
      "integrity": "sha512-jl1vZzPDinLr9eUt3J/t7V6FgNEw9QjvBPdysz9KfQDD41fQrC2Y4vKQdiaUpFT4bXlb1RHhLpp8wtm6M5TgSw==",
      "dev": true,
      "license": "Apache-2.0",
      "bin": {
        "tsc": "bin/tsc",
        "tsserver": "bin/tsserver"
      },
      "engines": {
        "node": ">=14.17"
      }
    }
  }
}
